lockfileVersion: '9.0'

settings:
  autoInstallPeers: true
  excludeLinksFromLockfile: false

importers:

  .:
    devDependencies:
      '@prettier/plugin-lua':
        specifier: ^0.0.3
        version: 0.0.3(prettier@3.9.6)
      '@prettier/plugin-xml':
        specifier: ^3.4.2
        version: 3.4.2(prettier@3.9.6)
      luaparse:
        specifier: ^0.3.1
        version: 0.3.1
      prettier:
        specifier: ^3.8.4
        version: 3.9.6

packages:

  '@prettier/plugin-lua@0.0.3':
    resolution: {integrity: sha512-Fn7rf/9BTisEShgSN7iSKxgBo3MkHnAptNI7+4JC7E3wi2ElfzcR194QswblbY6X0fTdaHz3yG0GQcuwtxZKoQ==}
    engines: {node: '>=10.13.0'}
    peerDependencies:
      prettier: '>=2.0.0'

  '@prettier/plugin-xml@3.4.2':
    resolution: {integrity: sha512-/UyNlHfkuLXG6Ed85KB0WBF283xn2yavR+UtRibBRUcvEJId2DSLdGXwJ/cDa1X++SWDPzq3+GSFniHjkNy7yg==}
    peerDependencies:
      prettier: ^3.0.0

  '@xml-tools/parser@1.0.11':
    resolution: {integrity: sha512-aKqQ077XnR+oQtHJlrAflaZaL7qZsulWc/i/ZEooar5JiWj1eLt0+Wg28cpa+XLney107wXqneC+oG1IZvxkTA==}

  chevrotain@7.1.1:
    resolution: {integrity: sha512-wy3mC1x4ye+O+QkEinVJkPf5u2vsrDIYW9G7ZuwFl6v/Yu0LwUuT2POsb+NUWApebyxfkQq6+yDfRExbnI5rcw==}

  luaparse@0.2.1:
    resolution: {integrity: sha512-VKBcryd5nJte4ZNR29NOk8F/UkMipjeb4yoxcSS51z6QAzg9DXUC2WsfLniS0J1eh3pr/ZL3e9ha6V8fhoLbBQ==}
    hasBin: true

  luaparse@0.3.1:
    resolution: {integrity: sha512-b21h2bFEbtGXmVqguHogbyrMAA0wOHyp9u/rx+w6Yc9pW1t9YjhGUsp87lYcp7pFRqSWN/PhFkrdIqKEUzRjjQ==}
    hasBin: true

  prettier@3.9.6:
    resolution: {integrity: sha512-OpN0zzVdiaiAhxpuuj5efpIS4sY9j7bY6uR5mnj5yPzGkdkjNKSJeUThPb60Jw29QuAZgA4o+/iB49kFiaBX6g==}
    engines: {node: '>=14'}
    hasBin: true

  regexp-to-ast@0.5.0:
    resolution: {integrity: sha512-tlbJqcMHnPKI9zSrystikWKwHkBqu2a/Sgw01h3zFjvYrMxEDYHzzoMZnUrbIfpTFEsoRnnviOXNCzFiSc54Qw==}

snapshots:

  '@prettier/plugin-lua@0.0.3(prettier@3.9.6)':
    dependencies:
      luaparse: 0.2.1
      prettier: 3.9.6

  '@prettier/plugin-xml@3.4.2(prettier@3.9.6)':
    dependencies:
      '@xml-tools/parser': 1.0.11
      prettier: 3.9.6

  '@xml-tools/parser@1.0.11':
    dependencies:
      chevrotain: 7.1.1

  chevrotain@7.1.1:
    dependencies:
      regexp-to-ast: 0.5.0

  luaparse@0.2.1: {}

  luaparse@0.3.1: {}

  prettier@3.9.6: {}

  regexp-to-ast@0.5.0: {}
